
Microsoft Visual Studio Solution File, Format Version 12.00
# Visual Studio 15
VisualStudioVersion = 15.0.28010.2026
MinimumVisualStudioVersion = 10.0.40219.1
Project("{FAE04EC0-301F-11D3-BF4B-00C04F79EFBC}") = "P21Sistemas", "P21Sistemas\P21Sistemas.csproj", "{4E117915-0B43-4F9A-B7A4-76ECA4FAA8F1}"
EndProject
Global
	GlobalSection(SolutionConfigurationPlatforms) = preSolution
		Debug|Any CPU = Debug|Any CPU
		Release|Any CPU = Release|Any CPU
	EndGlobalSection
	GlobalSection(ProjectConfigurationPlatforms) = postSolution
		{4E117915-0B43-4F9A-B7A4-76ECA4FAA8F1}.Debug|Any CPU.ActiveCfg = Debug|Any CPU
		{4E117915-0B43-4F9A-B7A4-76ECA4FAA8F1}.Debug|Any CPU.Build.0 = Debug|Any CPU
		{4E117915-0B43-4F9A-B7A4-76ECA4FAA8F1}.Release|Any CPU.ActiveCfg = Release|Any CPU
		{4E117915-0B43-4F9A-B7A4-76ECA4FAA8F1}.Release|Any CPU.Build.0 = Release|Any CPU
	EndGlobalSection
	GlobalSection(SolutionProperties) = preSolution
		HideSolutionNode = FALSE
	EndGlobalSection
	GlobalSection(ExtensibilityGlobals) = postSolution
		SolutionGuid = {0E20C521-B3E6-420C-A721-1CEA992DE025}
	EndGlobalSection
EndGlobal
